{
  "name": "practical-mayer",
  "lockfileVersion": 3,
  "requires": true,
  "packages": {
    "": {
      "dependencies": {
        "watchy": "^0.12.5"
      }
    },
    "node_modules/watchy": {
      "version": "0.12.5",
      "resolved": "https://registry.npmjs.org/watchy/-/watchy-0.12.5.tgz",
      "integrity": "sha512-oQ5ks2CBrhmxx6bfRDu8GDKyLczB+HTQvesehHw/O3O/hPnDKTctwldD837OSklngXTMnJ4utBVUATskvgax4Q==",
      "license": "MIT",
      "bin": {
        "watchy": "src/cli.js"
      }
    }
  }
}
